// !$*UTF8*$!
{
	archiveVersion = 1;
	classes = {
	};
	objectVersion = 46;
	objects = {

/* Begin PBXBuildFile section */
		8E04FB2F1BB08E3E005C35AB /* ExtractingPredicate.swift in Sources */ = {isa = PBXBuildFile; fileRef = 8E04FB2E1BB08E3E005C35AB /* ExtractingPredicate.swift */; };
		8E0E0E6B1B872EB400BD1C06 /* ChartNodes.swift in Sources */ = {isa = PBXBuildFile; fileRef = 8E0E0E6A1B872EB400BD1C06 /* ChartNodes.swift */; };
		8E10726E1B40768D00E4E409 /* CSVdata.swift in Sources */ = {isa = PBXBuildFile; fileRef = 8E10726D1B40768D00E4E409 /* CSVdata.swift */; };
		8E2F39951BB708C900B69564 /* ColumnSortingChartingViewController.swift in Sources */ = {isa = PBXBuildFile; fileRef = 8E2F39941BB708C900B69564 /* ColumnSortingChartingViewController.swift */; };
		8E55A3DA1BAF2C6700F6D41D /* GlobalUtilities.swift in Sources */ = {isa = PBXBuildFile; fileRef = 8E55A3D91BAF2C6700F6D41D /* GlobalUtilities.swift */; };
		8E5C16771BD28B9900462ED7 /* SplitParametersIntoColumnsViewController.swift in Sources */ = {isa = PBXBuildFile; fileRef = 8E5C16761BD28B9900462ED7 /* SplitParametersIntoColumnsViewController.swift */; };
		8E69F3101B67DA4100BDB720 /* CSVdataViewController.swift in Sources */ = {isa = PBXBuildFile; fileRef = 8E69F30E1B67DA4100BDB720 /* CSVdataViewController.swift */; };
		8E69F3111B67DA4100BDB720 /* CSVdataWindowController.swift in Sources */ = {isa = PBXBuildFile; fileRef = 8E69F30F1B67DA4100BDB720 /* CSVdataWindowController.swift */; };
		8E77E8EC1B8B2DB800A0D46F /* ChartViewController.swift in Sources */ = {isa = PBXBuildFile; fileRef = 8E77E8EA1B8B2DB800A0D46F /* ChartViewController.swift */; };
		8E911A711B94B2D2004D717A /* ChartDataPointsSets.swift in Sources */ = {isa = PBXBuildFile; fileRef = 8E911A701B94B2D2004D717A /* ChartDataPointsSets.swift */; };
		8EBC26BC1BEFB04200E1C911 /* LookupColumnsViewController.swift in Sources */ = {isa = PBXBuildFile; fileRef = 8EBC26BB1BEFB04200E1C911 /* LookupColumnsViewController.swift */; };
		C52666291B664EC6006C251E /* ColumnsViewController.swift in Sources */ = {isa = PBXBuildFile; fileRef = C52666271B664EC6006C251E /* ColumnsViewController.swift */; };
		C52D03FD1BF21AEA0032F9D4 /* Images.xcassets in Resources */ = {isa = PBXBuildFile; fileRef = C52D03FC1BF21AEA0032F9D4 /* Images.xcassets */; };
		C5557D381B5948BC00C7E94D /* ExtractWithPredicatesViewController.swift in Sources */ = {isa = PBXBuildFile; fileRef = C5557D371B5948BC00C7E94D /* ExtractWithPredicatesViewController.swift */; };
		C5772F651B7A09DC00C80DF7 /* GroupParametersViewController.swift in Sources */ = {isa = PBXBuildFile; fileRef = C5772F641B7A09DC00C80DF7 /* GroupParametersViewController.swift */; };
		C587D34D1B7B592B00FA3854 /* ChartScene.sks in Resources */ = {isa = PBXBuildFile; fileRef = C587D34C1B7B592B00FA3854 /* ChartScene.sks */; };
		C587D34F1B7B5E9400FA3854 /* ChartScene.swift in Sources */ = {isa = PBXBuildFile; fileRef = C587D34E1B7B5E9400FA3854 /* ChartScene.swift */; };
		C5AC0A5E1BC2A3BB002625D1 /* CSVdata_Grouping.swift in Sources */ = {isa = PBXBuildFile; fileRef = C5AC0A5D1BC2A3BB002625D1 /* CSVdata_Grouping.swift */; };
		C5AC44E91B7E3B3400A6B06D /* ChartView.swift in Sources */ = {isa = PBXBuildFile; fileRef = C5AC44E81B7E3B3400A6B06D /* ChartView.swift */; };
		C5B66EAE1BCFDB160089C00E /* TwoColumnsViewController.swift in Sources */ = {isa = PBXBuildFile; fileRef = C5B66EAD1BCFDB150089C00E /* TwoColumnsViewController.swift */; };
		C5CBBC3A1B3C0BFA008FB844 /* AppDelegate.swift in Sources */ = {isa = PBXBuildFile; fileRef = C5CBBC391B3C0BFA008FB844 /* AppDelegate.swift */; };
		C5CBBC3C1B3C0BFA008FB844 /* RecodeColumnViewController.swift in Sources */ = {isa = PBXBuildFile; fileRef = C5CBBC3B1B3C0BFA008FB844 /* RecodeColumnViewController.swift */; };
		C5CBBC3E1B3C0BFA008FB844 /* CSVdataDocument.swift in Sources */ = {isa = PBXBuildFile; fileRef = C5CBBC3D1B3C0BFA008FB844 /* CSVdataDocument.swift */; };
		C5CBBC431B3C0BFA008FB844 /* Main.storyboard in Resources */ = {isa = PBXBuildFile; fileRef = C5CBBC411B3C0BFA008FB844 /* Main.storyboard */; };
		C5DA6E171B7B4DA80079F0DF /* SpriteKit.framework in Frameworks */ = {isa = PBXBuildFile; fileRef = C5DA6E161B7B4DA80079F0DF /* SpriteKit.framework */; };
/* End PBXBuildFile section */

/* Begin PBXContainerItemProxy section */
		C5CBBC491B3C0BFA008FB844 /* PBXContainerItemProxy */ = {
			isa = PBXContainerItemProxy;
			containerPortal = C5CBBC2C1B3C0BF9008FB844 /* Project object */;
			proxyType = 1;
			remoteGlobalIDString = C5CBBC331B3C0BFA008FB844;
			remoteInfo = aecombiner;
		};
/* End PBXContainerItemProxy section */

/* Begin PBXFileReference section */
		8E04FB2E1BB08E3E005C35AB /* ExtractingPredicate.swift */ = {isa = PBXFileReference; fileEncoding = 4; lastKnownFileType = sourcecode.swift; path = ExtractingPredicate.swift; sourceTree = "<group>"; };
		8E0E0E6A1B872EB400BD1C06 /* ChartNodes.swift */ = {isa = PBXFileReference; fileEncoding = 4; lastKnownFileType = sourcecode.swift; lineEnding = 0; path = ChartNodes.swift; sourceTree = "<group>"; xcLanguageSpecificationIdentifier = xcode.lang.swift; };
		8E10726D1B40768D00E4E409 /* CSVdata.swift */ = {isa = PBXFileReference; fileEncoding = 4; lastKnownFileType = sourcecode.swift; lineEnding = 0; path = CSVdata.swift; sourceTree = "<group>"; xcLanguageSpecificationIdentifier = xcode.lang.swift; };
		8E2F39941BB708C900B69564 /* ColumnSortingChartingViewController.swift */ = {isa = PBXFileReference; fileEncoding = 4; lastKnownFileType = sourcecode.swift; path = ColumnSortingChartingViewController.swift; sourceTree = "<group>"; };
		8E55A3D91BAF2C6700F6D41D /* GlobalUtilities.swift */ = {isa = PBXFileReference; fileEncoding = 4; lastKnownFileType = sourcecode.swift; path = GlobalUtilities.swift; sourceTree = "<group>"; };
		8E5C16761BD28B9900462ED7 /* SplitParametersIntoColumnsViewController.swift */ = {isa = PBXFileReference; fileEncoding = 4; lastKnownFileType = sourcecode.swift; path = SplitParametersIntoColumnsViewController.swift; sourceTree = "<group>"; };
		8E69F30E1B67DA4100BDB720 /* CSVdataViewController.swift */ = {isa = PBXFileReference; fileEncoding = 4; lastKnownFileType = sourcecode.swift; lineEnding = 0; path = CSVdataViewController.swift; sourceTree = "<group>"; xcLanguageSpecificationIdentifier = xcode.lang.swift; };
		8E69F30F1B67DA4100BDB720 /* CSVdataWindowController.swift */ = {isa = PBXFileReference; fileEncoding = 4; lastKnownFileType = sourcecode.swift; lineEnding = 0; path = CSVdataWindowController.swift; sourceTree = "<group>"; xcLanguageSpecificationIdentifier = xcode.lang.swift; };
		8E77E8EA1B8B2DB800A0D46F /* ChartViewController.swift */ = {isa = PBXFileReference; fileEncoding = 4; lastKnownFileType = sourcecode.swift; path = ChartViewController.swift; sourceTree = "<group>"; };
		8E911A701B94B2D2004D717A /* ChartDataPointsSets.swift */ = {isa = PBXFileReference; fileEncoding = 4; lastKnownFileType = sourcecode.swift; path = ChartDataPointsSets.swift; sourceTree = "<group>"; };
		8EBC26BB1BEFB04200E1C911 /* LookupColumnsViewController.swift */ = {isa = PBXFileReference; fileEncoding = 4; lastKnownFileType = sourcecode.swift; path = LookupColumnsViewController.swift; sourceTree = "<group>"; };
		C52666271B664EC6006C251E /* ColumnsViewController.swift */ = {isa = PBXFileReference; fileEncoding = 4; lastKnownFileType = sourcecode.swift; path = ColumnsViewController.swift; sourceTree = "<group>"; };
		C52D03FC1BF21AEA0032F9D4 /* Images.xcassets */ = {isa = PBXFileReference; lastKnownFileType = folder.assetcatalog; path = Images.xcassets; sourceTree = "<group>"; };
		C5557D371B5948BC00C7E94D /* ExtractWithPredicatesViewController.swift */ = {isa = PBXFileReference; fileEncoding = 4; lastKnownFileType = sourcecode.swift; path = ExtractWithPredicatesViewController.swift; sourceTree = "<group>"; };
		C5772F641B7A09DC00C80DF7 /* GroupParametersViewController.swift */ = {isa = PBXFileReference; fileEncoding = 4; lastKnownFileType = sourcecode.swift; lineEnding = 0; path = GroupParametersViewController.swift; sourceTree = "<group>"; xcLanguageSpecificationIdentifier = xcode.lang.swift; };
		C587D34C1B7B592B00FA3854 /* ChartScene.sks */ = {isa = PBXFileReference; lastKnownFileType = file.sks; path = ChartScene.sks; sourceTree = "<group>"; };
		C587D34E1B7B5E9400FA3854 /* ChartScene.swift */ = {isa = PBXFileReference; fileEncoding = 4; lastKnownFileType = sourcecode.swift; path = ChartScene.swift; sourceTree = "<group>"; };
		C5AC0A5D1BC2A3BB002625D1 /* CSVdata_Grouping.swift */ = {isa = PBXFileReference; fileEncoding = 4; lastKnownFileType = sourcecode.swift; path = CSVdata_Grouping.swift; sourceTree = "<group>"; };
		C5AC44E81B7E3B3400A6B06D /* ChartView.swift */ = {isa = PBXFileReference; fileEncoding = 4; lastKnownFileType = sourcecode.swift; path = ChartView.swift; sourceTree = "<group>"; };
		C5B66EAD1BCFDB150089C00E /* TwoColumnsViewController.swift */ = {isa = PBXFileReference; fileEncoding = 4; lastKnownFileType = sourcecode.swift; path = TwoColumnsViewController.swift; sourceTree = "<group>"; };
		C5CBBC341B3C0BFA008FB844 /* aecombiner.app */ = {isa = PBXFileReference; explicitFileType = wrapper.application; includeInIndex = 0; path = aecombiner.app; sourceTree = BUILT_PRODUCTS_DIR; };
		C5CBBC381B3C0BFA008FB844 /* Info.plist */ = {isa = PBXFileReference; lastKnownFileType = text.plist.xml; path = Info.plist; sourceTree = "<group>"; };
		C5CBBC391B3C0BFA008FB844 /* AppDelegate.swift */ = {isa = PBXFileReference; lastKnownFileType = sourcecode.swift; lineEnding = 0; path = AppDelegate.swift; sourceTree = "<group>"; xcLanguageSpecificationIdentifier = xcode.lang.swift; };
		C5CBBC3B1B3C0BFA008FB844 /* RecodeColumnViewController.swift */ = {isa = PBXFileReference; lastKnownFileType = sourcecode.swift; lineEnding = 0; path = RecodeColumnViewController.swift; sourceTree = "<group>"; xcLanguageSpecificationIdentifier = xcode.lang.swift; };
		C5CBBC3D1B3C0BFA008FB844 /* CSVdataDocument.swift */ = {isa = PBXFileReference; lastKnownFileType = sourcecode.swift; lineEnding = 0; path = CSVdataDocument.swift; sourceTree = "<group>"; xcLanguageSpecificationIdentifier = xcode.lang.swift; };
		C5CBBC421B3C0BFA008FB844 /* Base */ = {isa = PBXFileReference; lastKnownFileType = file.storyboard; name = Base; path = Base.lproj/Main.storyboard; sourceTree = "<group>"; };
		C5CBBC481B3C0BFA008FB844 /* aecombinerTests.xctest */ = {isa = PBXFileReference; explicitFileType = wrapper.cfbundle; includeInIndex = 0; path = aecombinerTests.xctest; sourceTree = BUILT_PRODUCTS_DIR; };
		C5DA6E161B7B4DA80079F0DF /* SpriteKit.framework */ = {isa = PBXFileReference; lastKnownFileType = wrapper.framework; name = SpriteKit.framework; path = System/Library/Frameworks/SpriteKit.framework; sourceTree = SDKROOT; };
/* End PBXFileReference section */

/* Begin PBXFrameworksBuildPhase section */
		C5CBBC311B3C0BFA008FB844 /* Frameworks */ = {
			isa = PBXFrameworksBuildPhase;
			buildActionMask = 2147483647;
			files = (
				C5DA6E171B7B4DA80079F0DF /* SpriteKit.framework in Frameworks */,
			);
			runOnlyForDeploymentPostprocessing = 0;
		};
		C5CBBC451B3C0BFA008FB844 /* Frameworks */ = {
			isa = PBXFrameworksBuildPhase;
			buildActionMask = 2147483647;
			files = (
			);
			runOnlyForDeploymentPostprocessing = 0;
		};
/* End PBXFrameworksBuildPhase section */

/* Begin PBXGroup section */
		C5CBBC2B1B3C0BF9008FB844 = {
			isa = PBXGroup;
			children = (
				C5DA6E161B7B4DA80079F0DF /* SpriteKit.framework */,
				C5CBBC361B3C0BFA008FB844 /* aecombiner */,
				C5CBBC351B3C0BFA008FB844 /* Products */,
			);
			sourceTree = "<group>";
		};
		C5CBBC351B3C0BFA008FB844 /* Products */ = {
			isa = PBXGroup;
			children = (
				C5CBBC341B3C0BFA008FB844 /* aecombiner.app */,
				C5CBBC481B3C0BFA008FB844 /* aecombinerTests.xctest */,
			);
			name = Products;
			sourceTree = "<group>";
		};
		C5CBBC361B3C0BFA008FB844 /* aecombiner */ = {
			isa = PBXGroup;
			children = (
				C52D03FC1BF21AEA0032F9D4 /* Images.xcassets */,
				8EBC26BB1BEFB04200E1C911 /* LookupColumnsViewController.swift */,
				C5CBBC411B3C0BFA008FB844 /* Main.storyboard */,
				8E911A701B94B2D2004D717A /* ChartDataPointsSets.swift */,
				8E0E0E6A1B872EB400BD1C06 /* ChartNodes.swift */,
				C587D34E1B7B5E9400FA3854 /* ChartScene.swift */,
				C5AC44E81B7E3B3400A6B06D /* ChartView.swift */,
				8E77E8EA1B8B2DB800A0D46F /* ChartViewController.swift */,
				8E2F39941BB708C900B69564 /* ColumnSortingChartingViewController.swift */,
				C52666271B664EC6006C251E /* ColumnsViewController.swift */,
				C5B66EAD1BCFDB150089C00E /* TwoColumnsViewController.swift */,
				C5CBBC3B1B3C0BFA008FB844 /* RecodeColumnViewController.swift */,
				C5772F641B7A09DC00C80DF7 /* GroupParametersViewController.swift */,
				8E5C16761BD28B9900462ED7 /* SplitParametersIntoColumnsViewController.swift */,
				C5557D371B5948BC00C7E94D /* ExtractWithPredicatesViewController.swift */,
				C5CBBC3D1B3C0BFA008FB844 /* CSVdataDocument.swift */,
				8E69F30E1B67DA4100BDB720 /* CSVdataViewController.swift */,
				8E69F30F1B67DA4100BDB720 /* CSVdataWindowController.swift */,
				8E55A3D91BAF2C6700F6D41D /* GlobalUtilities.swift */,
				C5CBBC391B3C0BFA008FB844 /* AppDelegate.swift */,
				8E10726D1B40768D00E4E409 /* CSVdata.swift */,
				C5AC0A5D1BC2A3BB002625D1 /* CSVdata_Grouping.swift */,
				C587D34C1B7B592B00FA3854 /* ChartScene.sks */,
				8E04FB2E1BB08E3E005C35AB /* ExtractingPredicate.swift */,
				C5CBBC371B3C0BFA008FB844 /* Supporting Files */,
			);
			path = aecombiner;
			sourceTree = "<group>";
		};
		C5CBBC371B3C0BFA008FB844 /* Supporting Files */ = {
			isa = PBXGroup;
			children = (
				C5CBBC381B3C0BFA008FB844 /* Info.plist */,
			);
			name = "Supporting Files";
			sourceTree = "<group>";
		};
/* End PBXGroup section */

/* Begin PBXNativeTarget section */
		C5CBBC331B3C0BFA008FB844 /* aecombiner */ = {
			isa = PBXNativeTarget;
			buildConfigurationList = C5CBBC521B3C0BFA008FB844 /* Build configuration list for PBXNativeTarget "aecombiner" */;
			buildPhases = (
				C5CBBC301B3C0BFA008FB844 /* Sources */,
				C5CBBC311B3C0BFA008FB844 /* Frameworks */,
				C5CBBC321B3C0BFA008FB844 /* Resources */,
			);
			buildRules = (
			);
			dependencies = (
			);
			name = aecombiner;
			productName = aecombiner;
			productReference = C5CBBC341B3C0BFA008FB844 /* aecombiner.app */;
			productType = "com.apple.product-type.application";
		};
		C5CBBC471B3C0BFA008FB844 /* aecombinerTests */ = {
			isa = PBXNativeTarget;
			buildConfigurationList = C5CBBC551B3C0BFA008FB844 /* Build configuration list for PBXNativeTarget "aecombinerTests" */;
			buildPhases = (
				C5CBBC441B3C0BFA008FB844 /* Sources */,
				C5CBBC451B3C0BFA008FB844 /* Frameworks */,
				C5CBBC461B3C0BFA008FB844 /* Resources */,
			);
			buildRules = (
			);
			dependencies = (
				C5CBBC4A1B3C0BFA008FB844 /* PBXTargetDependency */,
			);
			name = aecombinerTests;
			productName = aecombinerTests;
			productReference = C5CBBC481B3C0BFA008FB844 /* aecombinerTests.xctest */;
			productType = "com.apple.product-type.bundle.unit-test";
		};
/* End PBXNativeTarget section */

/* Begin PBXProject section */
		C5CBBC2C1B3C0BF9008FB844 /* Project object */ = {
			isa = PBXProject;
			attributes = {
				LastSwiftUpdateCheck = 0700;
				LastUpgradeCheck = 0700;
				ORGANIZATIONNAME = djml.eu;
				TargetAttributes = {
					C5CBBC331B3C0BFA008FB844 = {
						CreatedOnToolsVersion = 6.3.2;
						DevelopmentTeam = FBG7894L2J;
					};
					C5CBBC471B3C0BFA008FB844 = {
						CreatedOnToolsVersion = 6.3.2;
						TestTargetID = C5CBBC331B3C0BFA008FB844;
					};
				};
			};
			buildConfigurationList = C5CBBC2F1B3C0BF9008FB844 /* Build configuration list for PBXProject "aecombiner" */;
			compatibilityVersion = "Xcode 3.2";
			developmentRegion = English;
			hasScannedForEncodings = 0;
			knownRegions = (
				en,
				Base,
			);
			mainGroup = C5CBBC2B1B3C0BF9008FB844;
			productRefGroup = C5CBBC351B3C0BFA008FB844 /* Products */;
			projectDirPath = "";
			projectRoot = "";
			targets = (
				C5CBBC331B3C0BFA008FB844 /* aecombiner */,
				C5CBBC471B3C0BFA008FB844 /* aecombinerTests */,
			);
		};
/* End PBXProject section */

/* Begin PBXResourcesBuildPhase section */
		C5CBBC321B3C0BFA008FB844 /* Resources */ = {
			isa = PBXResourcesBuildPhase;
			buildActionMask = 2147483647;
			files = (
				C52D03FD1BF21AEA0032F9D4 /* Images.xcassets in Resources */,
				C587D34D1B7B592B00FA3854 /* ChartScene.sks in Resources */,
				C5CBBC431B3C0BFA008FB844 /* Main.storyboard in Resources */,
			);
			runOnlyForDeploymentPostprocessing = 0;
		};
		C5CBBC461B3C0BFA008FB844 /* Resources */ = {
			isa = PBXResourcesBuildPhase;
			buildActionMask = 2147483647;
			files = (
			);
			runOnlyForDeploymentPostprocessing = 0;
		};
/* End PBXResourcesBuildPhase section */

/* Begin PBXSourcesBuildPhase section */
		C5CBBC301B3C0BFA008FB844 /* Sources */ = {
			isa = PBXSourcesBuildPhase;
			buildActionMask = 2147483647;
			files = (
				8E911A711B94B2D2004D717A /* ChartDataPointsSets.swift in Sources */,
				C5CBBC3C1B3C0BFA008FB844 /* RecodeColumnViewController.swift in Sources */,
				8E55A3DA1BAF2C6700F6D41D /* GlobalUtilities.swift in Sources */,
				8EBC26BC1BEFB04200E1C911 /* LookupColumnsViewController.swift in Sources */,
				C5CBBC3A1B3C0BFA008FB844 /* AppDelegate.swift in Sources */,
				8E2F39951BB708C900B69564 /* ColumnSortingChartingViewController.swift in Sources */,
				C5AC0A5E1BC2A3BB002625D1 /* CSVdata_Grouping.swift in Sources */,
				8E69F3111B67DA4100BDB720 /* CSVdataWindowController.swift in Sources */,
				C587D34F1B7B5E9400FA3854 /* ChartScene.swift in Sources */,
				8E77E8EC1B8B2DB800A0D46F /* ChartViewController.swift in Sources */,
				C5557D381B5948BC00C7E94D /* ExtractWithPredicatesViewController.swift in Sources */,
				C5B66EAE1BCFDB160089C00E /* TwoColumnsViewController.swift in Sources */,
				8E10726E1B40768D00E4E409 /* CSVdata.swift in Sources */,
				8E69F3101B67DA4100BDB720 /* CSVdataViewController.swift in Sources */,
				C5AC44E91B7E3B3400A6B06D /* ChartView.swift in Sources */,
				C5CBBC3E1B3C0BFA008FB844 /* CSVdataDocument.swift in Sources */,
				C5772F651B7A09DC00C80DF7 /* GroupParametersViewController.swift in Sources */,
				8E0E0E6B1B872EB400BD1C06 /* ChartNodes.swift in Sources */,
				8E04FB2F1BB08E3E005C35AB /* ExtractingPredicate.swift in Sources */,
				C52666291B664EC6006C251E /* ColumnsViewController.swift in Sources */,
				8E5C16771BD28B9900462ED7 /* SplitParametersIntoColumnsViewController.swift in Sources */,
			);
			runOnlyForDeploymentPostprocessing = 0;
		};
		C5CBBC441B3C0BFA008FB844 /* Sources */ = {
			isa = PBXSourcesBuildPhase;
			buildActionMask = 2147483647;
			files = (
			);
			runOnlyForDeploymentPostprocessing = 0;
		};
/* End PBXSourcesBuildPhase section */

/* Begin PBXTargetDependency section */
		C5CBBC4A1B3C0BFA008FB844 /* PBXTargetDependency */ = {
			isa = PBXTargetDependency;
			target = C5CBBC331B3C0BFA008FB844 /* aecombiner */;
			targetProxy = C5CBBC491B3C0BFA008FB844 /* PBXContainerItemProxy */;
		};
/* End PBXTargetDependency section */

/* Begin PBXVariantGroup section */
		C5CBBC411B3C0BFA008FB844 /* Main.storyboard */ = {
			isa = PBXVariantGroup;
			children = (
				C5CBBC421B3C0BFA008FB844 /* Base */,
			);
			name = Main.storyboard;
			sourceTree = "<group>";
		};
/* End PBXVariantGroup section */

/* Begin XCBuildConfiguration section */
		C5CBBC501B3C0BFA008FB844 /* Debug */ = {
			isa = XCBuildConfiguration;
			buildSettings = {
				ALWAYS_SEARCH_USER_PATHS = NO;
				CLANG_CXX_LANGUAGE_STANDARD = "gnu++0x";
				CLANG_CXX_LIBRARY = "libc++";
				CLANG_ENABLE_MODULES = YES;
				CLANG_ENABLE_OBJC_ARC = YES;
				CLANG_WARN_BOOL_CONVERSION = YES;
				CLANG_WARN_CONSTANT_CONVERSION = YES;
				CLANG_WARN_DIRECT_OBJC_ISA_USAGE = YES_ERROR;
				CLANG_WARN_EMPTY_BODY = YES;
				CLANG_WARN_ENUM_CONVERSION = YES;
				CLANG_WARN_INT_CONVERSION = YES;
				CLANG_WARN_OBJC_ROOT_CLASS = YES_ERROR;
				CLANG_WARN_UNREACHABLE_CODE = YES;
				CLANG_WARN__DUPLICATE_METHOD_MATCH = YES;
				CODE_SIGN_IDENTITY = "-";
				COPY_PHASE_STRIP = NO;
				DEBUG_INFORMATION_FORMAT = dwarf;
				ENABLE_STRICT_OBJC_MSGSEND = YES;
				ENABLE_TESTABILITY = YES;
				GCC_C_LANGUAGE_STANDARD = gnu99;
				GCC_DYNAMIC_NO_PIC = NO;
				GCC_NO_COMMON_BLOCKS = YES;
				GCC_OPTIMIZATION_LEVEL = 0;
				GCC_PREPROCESSOR_DEFINITIONS = (
					"DEBUG=1",
					"$(inherited)",
				);
				GCC_SYMBOLS_PRIVATE_EXTERN = NO;
				GCC_WARN_64_TO_32_BIT_CONVERSION = YES;
				GCC_WARN_ABOUT_RETURN_TYPE = YES_ERROR;
				GCC_WARN_UNDECLARED_SELECTOR = YES;
				GCC_WARN_UNINITIALIZED_AUTOS = YES_AGGRESSIVE;
				GCC_WARN_UNUSED_FUNCTION = YES;
				GCC_WARN_UNUSED_VARIABLE = YES;
				MACOSX_DEPLOYMENT_TARGET = 10.10;
				MTL_ENABLE_DEBUG_INFO = YES;
				ONLY_ACTIVE_ARCH = YES;
				SDKROOT = macosx;
				SWIFT_OPTIMIZATION_LEVEL = "-Onone";
			};
			name = Debug;
		};
		C5CBBC511B3C0BFA008FB844 /* Release */ = {
			isa = XCBuildConfiguration;
			buildSettings = {
				ALWAYS_SEARCH_USER_PATHS = NO;
				CLANG_CXX_LANGUAGE_STANDARD = "gnu++0x";
				CLANG_CXX_LIBRARY = "libc++";
				CLANG_ENABLE_MODULES = YES;
				CLANG_ENABLE_OBJC_ARC = YES;
				CLANG_WARN_BOOL_CONVERSION = YES;
				CLANG_WARN_CONSTANT_CONVERSION = YES;
				CLANG_WARN_DIRECT_OBJC_ISA_USAGE = YES_ERROR;
				CLANG_WARN_EMPTY_BODY = YES;
				CLANG_WARN_ENUM_CONVERSION = YES;
				CLANG_WARN_INT_CONVERSION = YES;
				CLANG_WARN_OBJC_ROOT_CLASS = YES_ERROR;
				CLANG_WARN_UNREACHABLE_CODE = YES;
				CLANG_WARN__DUPLICATE_METHOD_MATCH = YES;
				CODE_SIGN_IDENTITY = "-";
				COPY_PHASE_STRIP = NO;
				DEBUG_INFORMATION_FORMAT = "dwarf-with-dsym";
				ENABLE_NS_ASSERTIONS = NO;
				ENABLE_STRICT_OBJC_MSGSEND = YES;
				GCC_C_LANGUAGE_STANDARD = gnu99;
				GCC_NO_COMMON_BLOCKS = YES;
				GCC_WARN_64_TO_32_BIT_CONVERSION = YES;
				GCC_WARN_ABOUT_RETURN_TYPE = YES_ERROR;
				GCC_WARN_UNDECLARED_SELECTOR = YES;
				GCC_WARN_UNINITIALIZED_AUTOS = YES_AGGRESSIVE;
				GCC_WARN_UNUSED_FUNCTION = YES;
				GCC_WARN_UNUSED_VARIABLE = YES;
				MACOSX_DEPLOYMENT_TARGET = 10.10;
				MTL_ENABLE_DEBUG_INFO = NO;
				SDKROOT = macosx;
			};
			name = Release;
		};
		C5CBBC531B3C0BFA008FB844 /* Debug */ = {
			isa = XCBuildConfiguration;
			buildSettings = {
				ASSETCATALOG_COMPILER_APPICON_NAME = AppIcon;
				COMBINE_HIDPI_IMAGES = YES;
				INFOPLIST_FILE = aecombiner/Info.plist;
				LD_RUNPATH_SEARCH_PATHS = "$(inherited) @executable_path/../Frameworks";
				PRODUCT_BUNDLE_IDENTIFIER = "djml.eu.$(PRODUCT_NAME:rfc1034identifier)";
				PRODUCT_NAME = "$(TARGET_NAME)";
			};
			name = Debug;
		};
		C5CBBC541B3C0BFA008FB844 /* Release */ = {
			isa = XCBuildConfiguration;
			buildSettings = {
				ASSETCATALOG_COMPILER_APPICON_NAME = AppIcon;
				COMBINE_HIDPI_IMAGES = YES;
				INFOPLIST_FILE = aecombiner/Info.plist;
				LD_RUNPATH_SEARCH_PATHS = "$(inherited) @executable_path/../Frameworks";
				PRODUCT_BUNDLE_IDENTIFIER = "djml.eu.$(PRODUCT_NAME:rfc1034identifier)";
				PRODUCT_NAME = "$(TARGET_NAME)";
			};
			name = Release;
		};
		C5CBBC561B3C0BFA008FB844 /* Debug */ = {
			isa = XCBuildConfiguration;
			buildSettings = {
				BUNDLE_LOADER = "$(TEST_HOST)";
				COMBINE_HIDPI_IMAGES = YES;
				FRAMEWORK_SEARCH_PATHS = (
					"$(DEVELOPER_FRAMEWORKS_DIR)",
					"$(inherited)",
				);
				GCC_PREPROCESSOR_DEFINITIONS = (
					"DEBUG=1",
					"$(inherited)",
				);
				INFOPLIST_FILE = aecombinerTests/Info.plist;
				LD_RUNPATH_SEARCH_PATHS = "$(inherited) @executable_path/../Frameworks @loader_path/../Frameworks";
				PRODUCT_BUNDLE_IDENTIFIER = "djml.eu.$(PRODUCT_NAME:rfc1034identifier)";
				PRODUCT_NAME = "$(TARGET_NAME)";
				TEST_HOST = "$(BUILT_PRODUCTS_DIR)/aecombiner.app/Contents/MacOS/aecombiner";
			};
			name = Debug;
		};
		C5CBBC571B3C0BFA008FB844 /* Release */ = {
			isa = XCBuildConfiguration;
			buildSettings = {
				BUNDLE_LOADER = "$(TEST_HOST)";
				COMBINE_HIDPI_IMAGES = YES;
				FRAMEWORK_SEARCH_PATHS = (
					"$(DEVELOPER_FRAMEWORKS_DIR)",
					"$(inherited)",
				);
				INFOPLIST_FILE = aecombinerTests/Info.plist;
				LD_RUNPATH_SEARCH_PATHS = "$(inherited) @executable_path/../Frameworks @loader_path/../Frameworks";
				PRODUCT_BUNDLE_IDENTIFIER = "djml.eu.$(PRODUCT_NAME:rfc1034identifier)";
				PRODUCT_NAME = "$(TARGET_NAME)";
				TEST_HOST = "$(BUILT_PRODUCTS_DIR)/aecombiner.app/Contents/MacOS/aecombiner";
			};
			name = Release;
		};
/* End XCBuildConfiguration section */

/* Begin XCConfigurationList section */
		C5CBBC2F1B3C0BF9008FB844 /* Build configuration list for PBXProject "aecombiner" */ = {
			isa = XCConfigurationList;
			buildConfigurations = (
				C5CBBC501B3C0BFA008FB844 /* Debug */,
				C5CBBC511B3C0BFA008FB844 /* Release */,
			);
			defaultConfigurationIsVisible = 0;
			defaultConfigurationName = Release;
		};
		C5CBBC521B3C0BFA008FB844 /* Build configuration list for PBXNativeTarget "aecombiner" */ = {
			isa = XCConfigurationList;
			buildConfigurations = (
				C5CBBC531B3C0BFA008FB844 /* Debug */,
				C5CBBC541B3C0BFA008FB844 /* Release */,
			);
			defaultConfigurationIsVisible = 0;
			defaultConfigurationName = Release;
		};
		C5CBBC551B3C0BFA008FB844 /* Build configuration list for PBXNativeTarget "aecombinerTests" */ = {
			isa = XCConfigurationList;
			buildConfigurations = (
				C5CBBC561B3C0BFA008FB844 /* Debug */,
				C5CBBC571B3C0BFA008FB844 /* Release */,
			);
			defaultConfigurationIsVisible = 0;
			defaultConfigurationName = Release;
		};
/* End XCConfigurationList section */
	};
	rootObject = C5CBBC2C1B3C0BF9008FB844 /* Project object */;
}
